
Microsoft Visual Studio Solution File, Format Version 12.00
# Visual Studio Version 17
VisualStudioVersion = 17.2.33502.348
MinimumVisualStudioVersion = 10.0.40219.1
Project("{9A19103F-16F7-4668-BE54-9A1E7A4F7556}") = "TaskManage.Common", "Task.Common\TaskManage.Common.csproj", "{44A8A5D8-6F64-4D71-8102-5683C3E41830}"
EndProject
Project("{9A19103F-16F7-4668-BE54-9A1E7A4F7556}") = "TaskManage.Core", "Task.Core\TaskManage.Core.csproj", "{16A9C6F3-9CD0-4278-9B53-A3555ED5B50C}"
EndProject
Project("{9A19103F-16F7-4668-BE54-9A1E7A4F7556}") = "TaskManage.Data", "Task.Data\TaskManage.Data.csproj", "{6356CBFF-7523-43F0-B5DD-B7637C2EE90B}"
EndProject
Project("{9A19103F-16F7-4668-BE54-9A1E7A4F7556}") = "TaskManage.DTOs", "Task.DTOs\TaskManage.DTOs.csproj", "{47B0251B-0725-455C-A027-1FDF1E99DB2A}"
EndProject
Project("{9A19103F-16F7-4668-BE54-9A1E7A4F7556}") = "TaskManage.Entities", "Task.Entities\TaskManage.Entities.csproj", "{D8E90EA6-785E-4529-98DD-65F1F1B89AA8}"
EndProject
Project("{9A19103F-16F7-4668-BE54-9A1E7A4F7556}") = "TaskManage.Repositories", "Task.Repositories\TaskManage.Repositories.csproj", "{2400A5C0-E3BC-40C4-8239-F53FB00CEED2}"
EndProject
Project("{9A19103F-16F7-4668-BE54-9A1E7A4F7556}") = "TaskManage.Services", "Task.Services\TaskManage.Services.csproj", "{C2BAF9C6-F36B-4E73-AE94-D7457E176E7E}"
EndProject
Project("{9A19103F-16F7-4668-BE54-9A1E7A4F7556}") = "TaskManage.Validations", "Task.Validations\TaskManage.Validations.csproj", "{F0194FA5-FBE9-4A12-971C-72537B7984F2}"
EndProject
Project("{9A19103F-16F7-4668-BE54-9A1E7A4F7556}") = "TaskManage.ViewModels", "Task.ViewModels\TaskManage.ViewModels.csproj", "{5756A473-3BBB-4CC5-ADC6-0EB5CD2EEDB8}"
EndProject
Project("{9A19103F-16F7-4668-BE54-9A1E7A4F7556}") = "TaskManage.WebAPI", "Task.WebAPI\TaskManage.WebAPI.csproj", "{A36B71A5-68FF-4C05-9C7C-17CA372CCD99}"
EndProject
Project("{2150E333-8FDC-42A3-9474-1A3956D46DE8}") = "01 Business", "01 Business", "{EEE1FA26-8E37-4E6D-993B-5C18DE99A7B9}"
EndProject
Project("{2150E333-8FDC-42A3-9474-1A3956D46DE8}") = "02 Infrastructure", "02 Infrastructure", "{5AFEC4A1-47BD-459C-A932-C511F24B5306}"
EndProject
Project("{2150E333-8FDC-42A3-9474-1A3956D46DE8}") = "03 WebAPI", "03 WebAPI", "{DAE9CC39-F54A-416C-822D-F8B2137BF271}"
EndProject
Project("{9A19103F-16F7-4668-BE54-9A1E7A4F7556}") = "TaskManage.Base", "TaskManage.Base\TaskManage.Base.csproj", "{2D701316-A960-4697-80D2-B953149F07D6}"
EndProject
Project("{2150E333-8FDC-42A3-9474-1A3956D46DE8}") = "Solution Items", "Solution Items", "{F261A2B9-05B0-4DEF-B7DB-90C92BDF3E2F}"
EndProject
Project("{E53339B2-1760-4266-BCC7-CA923CBCF16C}") = "docker-compose", "docker-compose.dcproj", "{89736D47-EFD5-4DF7-9CC5-375F9483C652}"
EndProject
Global
	GlobalSection(SolutionConfigurationPlatforms) = preSolution
		Debug|Any CPU = Debug|Any CPU
		Release|Any CPU = Release|Any CPU
	EndGlobalSection
	GlobalSection(ProjectConfigurationPlatforms) = postSolution
		{44A8A5D8-6F64-4D71-8102-5683C3E41830}.Debug|Any CPU.ActiveCfg = Debug|Any CPU
		{44A8A5D8-6F64-4D71-8102-5683C3E41830}.Debug|Any CPU.Build.0 = Debug|Any CPU
		{44A8A5D8-6F64-4D71-8102-5683C3E41830}.Release|Any CPU.ActiveCfg = Release|Any CPU
		{44A8A5D8-6F64-4D71-8102-5683C3E41830}.Release|Any CPU.Build.0 = Release|Any CPU
		{16A9C6F3-9CD0-4278-9B53-A3555ED5B50C}.Debug|Any CPU.ActiveCfg = Debug|Any CPU
		{16A9C6F3-9CD0-4278-9B53-A3555ED5B50C}.Debug|Any CPU.Build.0 = Debug|Any CPU
		{16A9C6F3-9CD0-4278-9B53-A3555ED5B50C}.Release|Any CPU.ActiveCfg = Release|Any CPU
		{16A9C6F3-9CD0-4278-9B53-A3555ED5B50C}.Release|Any CPU.Build.0 = Release|Any CPU
		{6356CBFF-7523-43F0-B5DD-B7637C2EE90B}.Debug|Any CPU.ActiveCfg = Debug|Any CPU
		{6356CBFF-7523-43F0-B5DD-B7637C2EE90B}.Debug|Any CPU.Build.0 = Debug|Any CPU
		{6356CBFF-7523-43F0-B5DD-B7637C2EE90B}.Release|Any CPU.ActiveCfg = Release|Any CPU
		{6356CBFF-7523-43F0-B5DD-B7637C2EE90B}.Release|Any CPU.Build.0 = Release|Any CPU
		{47B0251B-0725-455C-A027-1FDF1E99DB2A}.Debug|Any CPU.ActiveCfg = Debug|Any CPU
		{47B0251B-0725-455C-A027-1FDF1E99DB2A}.Debug|Any CPU.Build.0 = Debug|Any CPU
		{47B0251B-0725-455C-A027-1FDF1E99DB2A}.Release|Any CPU.ActiveCfg = Release|Any CPU
		{47B0251B-0725-455C-A027-1FDF1E99DB2A}.Release|Any CPU.Build.0 = Release|Any CPU
		{D8E90EA6-785E-4529-98DD-65F1F1B89AA8}.Debug|Any CPU.ActiveCfg = Debug|Any CPU
		{D8E90EA6-785E-4529-98DD-65F1F1B89AA8}.Debug|Any CPU.Build.0 = Debug|Any CPU
		{D8E90EA6-785E-4529-98DD-65F1F1B89AA8}.Release|Any CPU.ActiveCfg = Release|Any CPU
		{D8E90EA6-785E-4529-98DD-65F1F1B89AA8}.Release|Any CPU.Build.0 = Release|Any CPU
		{2400A5C0-E3BC-40C4-8239-F53FB00CEED2}.Debug|Any CPU.ActiveCfg = Debug|Any CPU
		{2400A5C0-E3BC-40C4-8239-F53FB00CEED2}.Debug|Any CPU.Build.0 = Debug|Any CPU
		{2400A5C0-E3BC-40C4-8239-F53FB00CEED2}.Release|Any CPU.ActiveCfg = Release|Any CPU
		{2400A5C0-E3BC-40C4-8239-F53FB00CEED2}.Release|Any CPU.Build.0 = Release|Any CPU
		{C2BAF9C6-F36B-4E73-AE94-D7457E176E7E}.Debug|Any CPU.ActiveCfg = Debug|Any CPU
		{C2BAF9C6-F36B-4E73-AE94-D7457E176E7E}.Debug|Any CPU.Build.0 = Debug|Any CPU
		{C2BAF9C6-F36B-4E73-AE94-D7457E176E7E}.Release|Any CPU.ActiveCfg = Release|Any CPU
		{C2BAF9C6-F36B-4E73-AE94-D7457E176E7E}.Release|Any CPU.Build.0 = Release|Any CPU
		{F0194FA5-FBE9-4A12-971C-72537B7984F2}.Debug|Any CPU.ActiveCfg = Debug|Any CPU
		{F0194FA5-FBE9-4A12-971C-72537B7984F2}.Debug|Any CPU.Build.0 = Debug|Any CPU
		{F0194FA5-FBE9-4A12-971C-72537B7984F2}.Release|Any CPU.ActiveCfg = Release|Any CPU
		{F0194FA5-FBE9-4A12-971C-72537B7984F2}.Release|Any CPU.Build.0 = Release|Any CPU
		{5756A473-3BBB-4CC5-ADC6-0EB5CD2EEDB8}.Debug|Any CPU.ActiveCfg = Debug|Any CPU
		{5756A473-3BBB-4CC5-ADC6-0EB5CD2EEDB8}.Debug|Any CPU.Build.0 = Debug|Any CPU
		{5756A473-3BBB-4CC5-ADC6-0EB5CD2EEDB8}.Release|Any CPU.ActiveCfg = Release|Any CPU
		{5756A473-3BBB-4CC5-ADC6-0EB5CD2EEDB8}.Release|Any CPU.Build.0 = Release|Any CPU
		{A36B71A5-68FF-4C05-9C7C-17CA372CCD99}.Debug|Any CPU.ActiveCfg = Debug|Any CPU
		{A36B71A5-68FF-4C05-9C7C-17CA372CCD99}.Debug|Any CPU.Build.0 = Debug|Any CPU
		{A36B71A5-68FF-4C05-9C7C-17CA372CCD99}.Release|Any CPU.ActiveCfg = Release|Any CPU
		{A36B71A5-68FF-4C05-9C7C-17CA372CCD99}.Release|Any CPU.Build.0 = Release|Any CPU
		{2D701316-A960-4697-80D2-B953149F07D6}.Debug|Any CPU.ActiveCfg = Debug|Any CPU
		{2D701316-A960-4697-80D2-B953149F07D6}.Debug|Any CPU.Build.0 = Debug|Any CPU
		{2D701316-A960-4697-80D2-B953149F07D6}.Release|Any CPU.ActiveCfg = Release|Any CPU
		{2D701316-A960-4697-80D2-B953149F07D6}.Release|Any CPU.Build.0 = Release|Any CPU
		{89736D47-EFD5-4DF7-9CC5-375F9483C652}.Debug|Any CPU.ActiveCfg = Debug|Any CPU
		{89736D47-EFD5-4DF7-9CC5-375F9483C652}.Debug|Any CPU.Build.0 = Debug|Any CPU
		{89736D47-EFD5-4DF7-9CC5-375F9483C652}.Release|Any CPU.ActiveCfg = Release|Any CPU
		{89736D47-EFD5-4DF7-9CC5-375F9483C652}.Release|Any CPU.Build.0 = Release|Any CPU
	EndGlobalSection
	GlobalSection(SolutionProperties) = preSolution
		HideSolutionNode = FALSE
	EndGlobalSection
	GlobalSection(NestedProjects) = preSolution
		{44A8A5D8-6F64-4D71-8102-5683C3E41830} = {EEE1FA26-8E37-4E6D-993B-5C18DE99A7B9}
		{16A9C6F3-9CD0-4278-9B53-A3555ED5B50C} = {EEE1FA26-8E37-4E6D-993B-5C18DE99A7B9}
		{6356CBFF-7523-43F0-B5DD-B7637C2EE90B} = {5AFEC4A1-47BD-459C-A932-C511F24B5306}
		{47B0251B-0725-455C-A027-1FDF1E99DB2A} = {DAE9CC39-F54A-416C-822D-F8B2137BF271}
		{D8E90EA6-785E-4529-98DD-65F1F1B89AA8} = {EEE1FA26-8E37-4E6D-993B-5C18DE99A7B9}
		{2400A5C0-E3BC-40C4-8239-F53FB00CEED2} = {5AFEC4A1-47BD-459C-A932-C511F24B5306}
		{C2BAF9C6-F36B-4E73-AE94-D7457E176E7E} = {EEE1FA26-8E37-4E6D-993B-5C18DE99A7B9}
		{F0194FA5-FBE9-4A12-971C-72537B7984F2} = {EEE1FA26-8E37-4E6D-993B-5C18DE99A7B9}
		{5756A473-3BBB-4CC5-ADC6-0EB5CD2EEDB8} = {EEE1FA26-8E37-4E6D-993B-5C18DE99A7B9}
		{A36B71A5-68FF-4C05-9C7C-17CA372CCD99} = {DAE9CC39-F54A-416C-822D-F8B2137BF271}
		{2D701316-A960-4697-80D2-B953149F07D6} = {EEE1FA26-8E37-4E6D-993B-5C18DE99A7B9}
		{89736D47-EFD5-4DF7-9CC5-375F9483C652} = {F261A2B9-05B0-4DEF-B7DB-90C92BDF3E2F}
	EndGlobalSection
	GlobalSection(ExtensibilityGlobals) = postSolution
		SolutionGuid = {6FE83BBB-0D1C-4900-A01C-DD4B77A2E23D}
	EndGlobalSection
EndGlobal
